
Microsoft Visual Studio Solution File, Format Version 12.00
# Visual Studio Version 17
VisualStudioVersion = 17.4.33213.308
MinimumVisualStudioVersion = 10.0.40219.1
Project("{FAE04EC0-301F-11D3-BF4B-00C04F79EFBC}") = "Disenios", "LibrosProyecto\Disenios.csproj", "{D0F53D41-6061-40D0-9A59-398D6CC5C99A}"
EndProject
Project("{FAE04EC0-301F-11D3-BF4B-00C04F79EFBC}") = "Modelos", "Modelos\Modelos.csproj", "{A93A1417-1EF7-41E6-A0ED-B59F12ADAE8F}"
EndProject
Project("{FAE04EC0-301F-11D3-BF4B-00C04F79EFBC}") = "Datos", "Datos\Datos.csproj", "{59A37291-3ED3-401F-AD1F-A9881AFC080B}"
EndProject
Global
	GlobalSection(SolutionConfigurationPlatforms) = preSolution
		Debug|Any CPU = Debug|Any CPU
		Release|Any CPU = Release|Any CPU
	EndGlobalSection
	GlobalSection(ProjectConfigurationPlatforms) = postSolution
		{D0F53D41-6061-40D0-9A59-398D6CC5C99A}.Debug|Any CPU.ActiveCfg = Debug|Any CPU
		{D0F53D41-6061-40D0-9A59-398D6CC5C99A}.Debug|Any CPU.Build.0 = Debug|Any CPU
		{D0F53D41-6061-40D0-9A59-398D6CC5C99A}.Release|Any CPU.ActiveCfg = Release|Any CPU
		{D0F53D41-6061-40D0-9A59-398D6CC5C99A}.Release|Any CPU.Build.0 = Release|Any CPU
		{A93A1417-1EF7-41E6-A0ED-B59F12ADAE8F}.Debug|Any CPU.ActiveCfg = Debug|Any CPU
		{A93A1417-1EF7-41E6-A0ED-B59F12ADAE8F}.Debug|Any CPU.Build.0 = Debug|Any CPU
		{A93A1417-1EF7-41E6-A0ED-B59F12ADAE8F}.Release|Any CPU.ActiveCfg = Release|Any CPU
		{A93A1417-1EF7-41E6-A0ED-B59F12ADAE8F}.Release|Any CPU.Build.0 = Release|Any CPU
		{59A37291-3ED3-401F-AD1F-A9881AFC080B}.Debug|Any CPU.ActiveCfg = Debug|Any CPU
		{59A37291-3ED3-401F-AD1F-A9881AFC080B}.Debug|Any CPU.Build.0 = Debug|Any CPU
		{59A37291-3ED3-401F-AD1F-A9881AFC080B}.Release|Any CPU.ActiveCfg = Release|Any CPU
		{59A37291-3ED3-401F-AD1F-A9881AFC080B}.Release|Any CPU.Build.0 = Release|Any CPU
	EndGlobalSection
	GlobalSection(SolutionProperties) = preSolution
		HideSolutionNode = FALSE
	EndGlobalSection
	GlobalSection(ExtensibilityGlobals) = postSolution
		SolutionGuid = {AD4946BE-EFE4-4CE5-9F85-53950BBAF9E3}
	EndGlobalSection
EndGlobal
